
Microsoft Visual Studio Solution File, Format Version 12.00
# Visual Studio Version 16
VisualStudioVersion = 16.0.34601.136
MinimumVisualStudioVersion = 10.0.40219.1
Project("{FAE04EC0-301F-11D3-BF4B-00C04F79EFBC}") = "RSA_Cipher", "RSA_Cipher\RSA_Cipher.csproj", "{2324771C-BF7B-4C32-9290-F79594F6B3DB}"
EndProject
Global
	GlobalSection(SolutionConfigurationPlatforms) = preSolution
		Debug|Any CPU = Debug|Any CPU
		Release|Any CPU = Release|Any CPU
	EndGlobalSection
	GlobalSection(ProjectConfigurationPlatforms) = postSolution
		{2324771C-BF7B-4C32-9290-F79594F6B3DB}.Debug|Any CPU.ActiveCfg = Debug|Any CPU
		{2324771C-BF7B-4C32-9290-F79594F6B3DB}.Debug|Any CPU.Build.0 = Debug|Any CPU
		{2324771C-BF7B-4C32-9290-F79594F6B3DB}.Release|Any CPU.ActiveCfg = Release|Any CPU
		{2324771C-BF7B-4C32-9290-F79594F6B3DB}.Release|Any CPU.Build.0 = Release|Any CPU
	EndGlobalSection
	GlobalSection(SolutionProperties) = preSolution
		HideSolutionNode = FALSE
	EndGlobalSection
	GlobalSection(ExtensibilityGlobals) = postSolution
		SolutionGuid = {6DB357B2-5BC4-410B-AD9F-070EDFF305A5}
	EndGlobalSection
EndGlobal
